
Microsoft Visual Studio Solution File, Format Version 12.00
# Visual Studio 15
VisualStudioVersion = 15.0.28010.2036
MinimumVisualStudioVersion = 10.0.40219.1
Project("{FAE04EC0-301F-11D3-BF4B-00C04F79EFBC}") = "AnimalSearch", "AnimalSearch\AnimalSearch.csproj", "{F87AFED0-E3D4-48D1-AA5C-E29E8FE9E172}"
EndProject
Global
	GlobalSection(SolutionConfigurationPlatforms) = preSolution
		Debug|Any CPU = Debug|Any CPU
		Release|Any CPU = Release|Any CPU
	EndGlobalSection
	GlobalSection(ProjectConfigurationPlatforms) = postSolution
		{F87AFED0-E3D4-48D1-AA5C-E29E8FE9E172}.Debug|Any CPU.ActiveCfg = Debug|Any CPU
		{F87AFED0-E3D4-48D1-AA5C-E29E8FE9E172}.Debug|Any CPU.Build.0 = Debug|Any CPU
		{F87AFED0-E3D4-48D1-AA5C-E29E8FE9E172}.Release|Any CPU.ActiveCfg = Release|Any CPU
		{F87AFED0-E3D4-48D1-AA5C-E29E8FE9E172}.Release|Any CPU.Build.0 = Release|Any CPU
	EndGlobalSection
	GlobalSection(SolutionProperties) = preSolution
		HideSolutionNode = FALSE
	EndGlobalSection
	GlobalSection(ExtensibilityGlobals) = postSolution
		SolutionGuid = {E1AB9801-6837-43AA-9716-6CC61062FF30}
	EndGlobalSection
EndGlobal
